{
    "_meta": {
        "hash": {
            "sha256": "1684e09348724ce9102e82900d9e850bacd3cd42d746b447e6594a2d9fc179ba"
        },
        "pipfile-spec": 6,
        "requires": {
            "python_version": "3.6"
        },
        "sources": [
            {
                "name": "pypi",
                "url": "https://pypi.org/simple",
                "verify_ssl": true
            }
        ]
    },
    "default": {
        "colorama": {
            "hashes": [
                "sha256:463f8483208e921368c9f306094eb6f725c6ca42b0f97e313cb5d5512459feda",
                "sha256:48eb22f4f8461b1df5734a074b57042430fb06e1d61bd1e11b078c0fe6d7a1f1"
            ],
            "index": "pypi",
            "version": "==0.3.9"
        },
        "python-json-logger": {
            "hashes": [
                "sha256:a292e22c5e03105a05a746ade6209d43db1c4c763b91c75c8486e81d10904d85",
                "sha256:e3636824d35ba6a15fc39f573588cba63cf46322a5dc86fb2f280229077e9fbe"
            ],
            "index": "pypi",
            "version": "==0.1.9"
        },
        "six": {
            "hashes": [
                "sha256:70e8a77beed4562e7f14fe23a786b54f6296e34344c23bc42f07b15018ff98e9",
                "sha256:832dc0e10feb1aa2c68dcc57dbb658f1c7e65b9b61af69048abc87a2db00a0eb"
            ],
            "version": "==1.11.0"
        },
        "structlog": {
            "hashes": [
                "sha256:0b0d9b2e34c82d33f540252b9c8853c50521ccf7d7b5e2f30172a0850cba77dd",
                "sha256:ff1e7aae015b346060c03b1cc4a1f29d428de7d858eaf06ea93ee35ac51071a0"
            ],
            "index": "pypi",
            "version": "==18.1.0"
        }
    },
    "develop": {}
}
